
Microsoft Visual Studio Solution File, Format Version 12.00
# Visual Studio Version 17
VisualStudioVersion = 17.6.33829.357
MinimumVisualStudioVersion = 10.0.40219.1
Project("{FAE04EC0-301F-11D3-BF4B-00C04F79EFBC}") = "ProdutosApp.Services", "ProdutosApp.Services\ProdutosApp.Services.csproj", "{885C40DE-C7AB-4AA9-B3AA-862B1B3CA1E3}"
EndProject
Project("{2150E333-8FDC-42A3-9474-1A3956D46DE8}") = "1 - Service Layer", "1 - Service Layer", "{41EC9B09-2D18-4075-8B65-E232B968ABED}"
EndProject
Project("{2150E333-8FDC-42A3-9474-1A3956D46DE8}") = "2 - Data Access Layer", "2 - Data Access Layer", "{41F95D9D-6B31-4EB7-AA9B-0A74BC2F322F}"
EndProject
Project("{FAE04EC0-301F-11D3-BF4B-00C04F79EFBC}") = "ProdutosApp.Data", "ProdutosApp.Data\ProdutosApp.Data.csproj", "{CC81E036-5B0B-49FA-B3E3-9DB214CB6ABC}"
EndProject
Global
	GlobalSection(SolutionConfigurationPlatforms) = preSolution
		Debug|Any CPU = Debug|Any CPU
		Release|Any CPU = Release|Any CPU
	EndGlobalSection
	GlobalSection(ProjectConfigurationPlatforms) = postSolution
		{885C40DE-C7AB-4AA9-B3AA-862B1B3CA1E3}.Debug|Any CPU.ActiveCfg = Debug|Any CPU
		{885C40DE-C7AB-4AA9-B3AA-862B1B3CA1E3}.Debug|Any CPU.Build.0 = Debug|Any CPU
		{885C40DE-C7AB-4AA9-B3AA-862B1B3CA1E3}.Release|Any CPU.ActiveCfg = Release|Any CPU
		{885C40DE-C7AB-4AA9-B3AA-862B1B3CA1E3}.Release|Any CPU.Build.0 = Release|Any CPU
		{CC81E036-5B0B-49FA-B3E3-9DB214CB6ABC}.Debug|Any CPU.ActiveCfg = Debug|Any CPU
		{CC81E036-5B0B-49FA-B3E3-9DB214CB6ABC}.Debug|Any CPU.Build.0 = Debug|Any CPU
		{CC81E036-5B0B-49FA-B3E3-9DB214CB6ABC}.Release|Any CPU.ActiveCfg = Release|Any CPU
		{CC81E036-5B0B-49FA-B3E3-9DB214CB6ABC}.Release|Any CPU.Build.0 = Release|Any CPU
	EndGlobalSection
	GlobalSection(SolutionProperties) = preSolution
		HideSolutionNode = FALSE
	EndGlobalSection
	GlobalSection(NestedProjects) = preSolution
		{885C40DE-C7AB-4AA9-B3AA-862B1B3CA1E3} = {41EC9B09-2D18-4075-8B65-E232B968ABED}
		{CC81E036-5B0B-49FA-B3E3-9DB214CB6ABC} = {41F95D9D-6B31-4EB7-AA9B-0A74BC2F322F}
	EndGlobalSection
	GlobalSection(ExtensibilityGlobals) = postSolution
		SolutionGuid = {6B540191-00DB-45B9-8FCE-E447A7CDD413}
	EndGlobalSection
EndGlobal
